# This file is generated by running "yarn install" inside your project.
# Manual changes might be lost - proceed with caution!

__metadata:
  version: 10
  cacheKey: 10c0

"@bpmn-io/moddle-utils@npm:^0.3.0":
  version: 0.3.0
  resolution: "@bpmn-io/moddle-utils@npm:0.3.0"
  dependencies:
    min-dash: "npm:^5.0.0"
  checksum: 10c0/b4ba0bdb9a5b7e7121c7d23cdac308c95ffd63c3ca0f6e7cef467584d1231293caad574177e910fc768ada0bcf140b6dd874257ad7d30b8267337c69844cb73c
  languageName: node
  linkType: hard

"ansi-colors@npm:^4.1.3":
  version: 4.1.3
  resolution: "ansi-colors@npm:4.1.3"
  checksum: 10c0/ec87a2f59902f74e61eada7f6e6fe20094a628dab765cfdbd03c3477599368768cffccdb5d3bb19a1b6c99126783a143b1fee31aab729b31ffe5836c7e5e28b9
  languageName: node
  linkType: hard

"bpmn-moddle@npm:^10.0.0":
  version: 10.1.0
  resolution: "bpmn-moddle@npm:10.1.0"
  dependencies:
    min-dash: "npm:^5.1.0"
    moddle: "npm:^8.2.1"
    moddle-xml: "npm:^12.1.0"
  checksum: 10c0/1114c9cf64aebd7afa297e19f176fa4dd3e790682a294debaaba493914a75df36ee37c7b1f077ed64910adc38c9af26d5577d89d3b916d3ae92f70584bc91a8c
  languageName: node
  linkType: hard

"bpmn-modeler-example-process@workspace:.":
  version: 0.0.0-use.local
  resolution: "bpmn-modeler-example-process@workspace:."
  dependencies:
    bpmnlint: "npm:11.12.1"
    bpmnlint-plugin-custom-rules: "file:./bpmnlint-custom-rules"
  languageName: unknown
  linkType: soft

"bpmnlint-plugin-custom-rules@file:./bpmnlint-custom-rules::locator=bpmn-modeler-example-process%40workspace%3A.":
  version: 1.0.0
  resolution: "bpmnlint-plugin-custom-rules@file:./bpmnlint-custom-rules#./bpmnlint-custom-rules::hash=776002&locator=bpmn-modeler-example-process%40workspace%3A."
  checksum: 10c0/947448864a50b58ba64e201d3dfe6d8c0b2477f778dae44909f042ceecc84fca290764c8b81d355564924aa49a32c4a24555580e194b206225d760a1b631509f
  languageName: node
  linkType: hard

"bpmnlint-utils@npm:^1.1.1":
  version: 1.1.1
  resolution: "bpmnlint-utils@npm:1.1.1"
  checksum: 10c0/bdb7cbd1d72d4740aeed3c7e1d9a37e2f773b142ccb15f6ad940d8a604af9027141736f97f8b03dfb7a824d0d280211497c4b71b2063139704d0b13df73f5e0f
  languageName: node
  linkType: hard

"bpmnlint@npm:11.12.1":
  version: 11.12.1
  resolution: "bpmnlint@npm:11.12.1"
  dependencies:
    "@bpmn-io/moddle-utils": "npm:^0.3.0"
    ansi-colors: "npm:^4.1.3"
    bpmn-moddle: "npm:^10.0.0"
    bpmnlint-utils: "npm:^1.1.1"
    cli-table: "npm:^0.3.11"
    color-support: "npm:^1.1.3"
    min-dash: "npm:^5.0.0"
    mri: "npm:^1.2.0"
    pluralize: "npm:^8.0.0"
    tiny-glob: "npm:^0.2.9"
  bin:
    bpmnlint: bin/bpmnlint.js
  checksum: 10c0/e08307b589308b63a3c1dfbaf6241d8d7cda8d4cf72facbdb2ca1207707f2a176979809860603875c4d0c53a22186264426fd3650a8e275837f696aa665233f3
  languageName: node
  linkType: hard

"cli-table@npm:^0.3.11":
  version: 0.3.11
  resolution: "cli-table@npm:0.3.11"
  dependencies:
    colors: "npm:1.0.3"
  checksum: 10c0/6e31da4e19e942bf01749ff78d7988b01e0101955ce2b1e413eecdc115d4bb9271396464761491256a7d3feeedb5f37ae505f4314c4f8044b5d0f4b579c18f29
  languageName: node
  linkType: hard

"color-support@npm:^1.1.3":
  version: 1.1.3
  resolution: "color-support@npm:1.1.3"
  bin:
    color-support: bin.js
  checksum: 10c0/8ffeaa270a784dc382f62d9be0a98581db43e11eee301af14734a6d089bd456478b1a8b3e7db7ca7dc5b18a75f828f775c44074020b51c05fc00e6d0992b1cc6
  languageName: node
  linkType: hard

"colors@npm:1.0.3":
  version: 1.0.3
  resolution: "colors@npm:1.0.3"
  checksum: 10c0/f9e40dd8b3e1a65378a7ced3fced15ddfd60aaf38e99a7521a7fdb25056b15e092f651cd0f5aa1e9b04fa8ce3616d094e07fc6c2bb261e24098db1ddd3d09a1d
  languageName: node
  linkType: hard

"globalyzer@npm:0.1.0":
  version: 0.1.0
  resolution: "globalyzer@npm:0.1.0"
  checksum: 10c0/e16e47a5835cbe8a021423d4c7fcd9f5f85815b4190a7f50c1fdb95fc559d72e4fb30be96f106c66a99413f36d72da0f8323d19d27f60a8feec9d936139ec5a8
  languageName: node
  linkType: hard

"globrex@npm:^0.1.2":
  version: 0.1.2
  resolution: "globrex@npm:0.1.2"
  checksum: 10c0/a54c029520cf58bda1d8884f72bd49b4cd74e977883268d931fd83bcbd1a9eb96d57c7dbd4ad80148fb9247467ebfb9b215630b2ed7563b2a8de02e1ff7f89d1
  languageName: node
  linkType: hard

"min-dash@npm:^5.0.0, min-dash@npm:^5.1.0":
  version: 5.1.0
  resolution: "min-dash@npm:5.1.0"
  checksum: 10c0/44d977d9a8dc45526e3b1badc903adb9d511937d7c895643d252947a7c6371970b89ac48f205a7207eed2f1426d6e538a1d95511d9e815ea48d23d35ef7c0ba5
  languageName: node
  linkType: hard

"moddle-xml@npm:^12.1.0":
  version: 12.1.0
  resolution: "moddle-xml@npm:12.1.0"
  dependencies:
    min-dash: "npm:^5.1.0"
    saxen: "npm:^11.1.0"
  peerDependencies:
    moddle: ">= 6.2.0"
  checksum: 10c0/2686cac13dfa4fbc017e3923c445cc9bcf3290e84995da71dd7c7286b146c5acb48872d7e8a14dc90791d34553cb30f235489d080fb42e74f131e711bf90ddf1
  languageName: node
  linkType: hard

"moddle@npm:^8.2.1":
  version: 8.2.1
  resolution: "moddle@npm:8.2.1"
  dependencies:
    min-dash: "npm:^5.1.0"
  checksum: 10c0/f68a99b86d328c78d45f2ee60ef4e893c1c9b75c2a1f7b4fa14b6f8f669f7cdaf16060ee71d4e341c50fc29d918cbb711ec57aeef54c4a4d89c73d0f32986cf3
  languageName: node
  linkType: hard

"mri@npm:^1.2.0":
  version: 1.2.0
  resolution: "mri@npm:1.2.0"
  checksum: 10c0/a3d32379c2554cf7351db6237ddc18dc9e54e4214953f3da105b97dc3babe0deb3ffe99cf409b38ea47cc29f9430561ba6b53b24ab8f9ce97a4b50409e4a50e7
  languageName: node
  linkType: hard

"pluralize@npm:^8.0.0":
  version: 8.0.0
  resolution: "pluralize@npm:8.0.0"
  checksum: 10c0/2044cfc34b2e8c88b73379ea4a36fc577db04f651c2909041b054c981cd863dd5373ebd030123ab058d194ae615d3a97cfdac653991e499d10caf592e8b3dc33
  languageName: node
  linkType: hard

"saxen@npm:^11.1.0":
  version: 11.1.1
  resolution: "saxen@npm:11.1.1"
  checksum: 10c0/9bddeec5fe665ac20faaccaddeb7591b1e402c73a919268d4d41fa629a4fb90aabcdda04c66bc3a5fb76147645d04af4897b15bec5b24ad7bb52fc76a1997a0e
  languageName: node
  linkType: hard

"tiny-glob@npm:^0.2.9":
  version: 0.2.9
  resolution: "tiny-glob@npm:0.2.9"
  dependencies:
    globalyzer: "npm:0.1.0"
    globrex: "npm:^0.1.2"
  checksum: 10c0/cbe072f0d213a1395d30aa94845a051d4af18fe8ffb79c8e99ac1787cd25df69083f17791a53997cb65f469f48950cb61426ccc0683cc9df170ac2430e883702
  languageName: node
  linkType: hard
